dependencies:
- name: microbank-common
  repository: file://../../microbank-common
  version: 0.1.0
- name: accounts
  repository: file://../../microbank-services/accounts
  version: 0.1.0
- name: cards
  repository: file://../../microbank-services/cards
  version: 0.1.0
- name: loans
  repository: file://../../microbank-services/loans
  version: 0.1.0
- name: gatewayserver
  repository: file://../../microbank-services/gatewayserver
  version: 0.1.0
- name: eurekaserver
  repository: file://../../microbank-services/eurekaserver
  version: 0.1.0
- name: configserver
  repository: file://../../microbank-services/configserver
  version: 0.1.0
- name: message
  repository: file://../../microbank-services/message
  version: 0.1.0
digest: sha256:9760a9741b26ba7224bf3a7ba0215665f80b31502705067fbc1184d165b8ff4b
generated: "2024-11-24T22:05:06.9895173+02:00"
